// !$*UTF8*$!
{
	archiveVersion = 1;
	classes = {
	};
	objectVersion = 46;
	objects = {

/* Begin PBXBuildFile section */
		8593344E1B28B10400328D22 /* AppDelegate.swift in Sources */ = {isa = PBXBuildFile; fileRef = 8593344D1B28B10400328D22 /* AppDelegate.swift */; };
		859334501B28B10400328D22 /* ViewController.swift in Sources */ = {isa = PBXBuildFile; fileRef = 8593344F1B28B10400328D22 /* ViewController.swift */; };
		859334531B28B10600328D22 /* Main.storyboard in Resources */ = {isa = PBXBuildFile; fileRef = 859334511B28B10600328D22 /* Main.storyboard */; };
		859334551B28B10700328D22 /* Images.xcassets in Resources */ = {isa = PBXBuildFile; fileRef = 859334541B28B10700328D22 /* Images.xcassets */; };
		859334581B28B10800328D22 /* LaunchScreen.xib in Resources */ = {isa = PBXBuildFile; fileRef = 859334561B28B10800328D22 /* LaunchScreen.xib */; };
		859334641B28B10900328D22 /* ElectromapsTests.swift in Sources */ = {isa = PBXBuildFile; fileRef = 859334631B28B10900328D22 /* ElectromapsTests.swift */; };
		8593346E1B28F83500328D22 /* RegisterPageViewController.swift in Sources */ = {isa = PBXBuildFile; fileRef = 8593346D1B28F83500328D22 /* RegisterPageViewController.swift */; };
/* End PBXBuildFile section */

/* Begin PBXContainerItemProxy section */
		8593345E1B28B10800328D22 /* PBXContainerItemProxy */ = {
			isa = PBXContainerItemProxy;
			containerPortal = 859334401B28B0FE00328D22 /* Project object */;
			proxyType = 1;
			remoteGlobalIDString = 859334471B28B10000328D22;
			remoteInfo = Electromaps;
		};
/* End PBXContainerItemProxy section */

/* Begin PBXFileReference section */
		859334481B28B10000328D22 /* Electromaps.app */ = {isa = PBXFileReference; explicitFileType = wrapper.application; includeInIndex = 0; path = Electromaps.app; sourceTree = BUILT_PRODUCTS_DIR; };
		8593344C1B28B10300328D22 /* Info.plist */ = {isa = PBXFileReference; lastKnownFileType = text.plist.xml; path = Info.plist; sourceTree = "<group>"; };
		8593344D1B28B10400328D22 /* AppDelegate.swift */ = {isa = PBXFileReference; lastKnownFileType = sourcecode.swift; path = AppDelegate.swift; sourceTree = "<group>"; };
		8593344F1B28B10400328D22 /* ViewController.swift */ = {isa = PBXFileReference; lastKnownFileType = sourcecode.swift; path = ViewController.swift; sourceTree = "<group>"; };
		859334521B28B10600328D22 /* Base */ = {isa = PBXFileReference; lastKnownFileType = file.storyboard; name = Base; path = Base.lproj/Main.storyboard; sourceTree = "<group>"; };
		859334541B28B10700328D22 /* Images.xcassets */ = {isa = PBXFileReference; lastKnownFileType = folder.assetcatalog; path = Images.xcassets; sourceTree = "<group>"; };
		859334571B28B10800328D22 /* Base */ = {isa = PBXFileReference; lastKnownFileType = file.xib; name = Base; path = Base.lproj/LaunchScreen.xib; sourceTree = "<group>"; };
		8593345D1B28B10800328D22 /* ElectromapsTests.xctest */ = {isa = PBXFileReference; explicitFileType = wrapper.cfbundle; includeInIndex = 0; path = ElectromapsTests.xctest; sourceTree = BUILT_PRODUCTS_DIR; };
		859334621B28B10900328D22 /* Info.plist */ = {isa = PBXFileReference; lastKnownFileType = text.plist.xml; path = Info.plist; sourceTree = "<group>"; };
		859334631B28B10900328D22 /* ElectromapsTests.swift */ = {isa = PBXFileReference; lastKnownFileType = sourcecode.swift; path = ElectromapsTests.swift; sourceTree = "<group>"; };
		8593346D1B28F83500328D22 /* RegisterPageViewController.swift */ = {isa = PBXFileReference; fileEncoding = 4; lastKnownFileType = sourcecode.swift; path = RegisterPageViewController.swift; sourceTree = "<group>"; };
/* End PBXFileReference section */

/* Begin PBXFrameworksBuildPhase section */
		859334451B28B10000328D22 /* Frameworks */ = {
			isa = PBXFrameworksBuildPhase;
			buildActionMask = 2147483647;
			files = (
			);
			runOnlyForDeploymentPostprocessing = 0;
		};
		8593345A1B28B10800328D22 /* Frameworks */ = {
			isa = PBXFrameworksBuildPhase;
			buildActionMask = 2147483647;
			files = (
			);
			runOnlyForDeploymentPostprocessing = 0;
		};
/* End PBXFrameworksBuildPhase section */

/* Begin PBXGroup section */
		8593343F1B28B0FC00328D22 = {
			isa = PBXGroup;
			children = (
				8593344A1B28B10100328D22 /* Electromaps */,
				859334601B28B10900328D22 /* ElectromapsTests */,
				859334491B28B10000328D22 /* Products */,
			);
			sourceTree = "<group>";
		};
		859334491B28B10000328D22 /* Products */ = {
			isa = PBXGroup;
			children = (
				859334481B28B10000328D22 /* Electromaps.app */,
				8593345D1B28B10800328D22 /* ElectromapsTests.xctest */,
			);
			name = Products;
			sourceTree = "<group>";
		};
		8593344A1B28B10100328D22 /* Electromaps */ = {
			isa = PBXGroup;
			children = (
				8593344D1B28B10400328D22 /* AppDelegate.swift */,
				8593344F1B28B10400328D22 /* ViewController.swift */,
				859334511B28B10600328D22 /* Main.storyboard */,
				859334541B28B10700328D22 /* Images.xcassets */,
				859334561B28B10800328D22 /* LaunchScreen.xib */,
				8593344B1B28B10300328D22 /* Supporting Files */,
				8593346D1B28F83500328D22 /* RegisterPageViewController.swift */,
			);
			path = Electromaps;
			sourceTree = "<group>";
		};
		8593344B1B28B10300328D22 /* Supporting Files */ = {
			isa = PBXGroup;
			children = (
				8593344C1B28B10300328D22 /* Info.plist */,
			);
			name = "Supporting Files";
			sourceTree = "<group>";
		};
		859334601B28B10900328D22 /* ElectromapsTests */ = {
			isa = PBXGroup;
			children = (
				859334631B28B10900328D22 /* ElectromapsTests.swift */,
				859334611B28B10900328D22 /* Supporting Files */,
			);
			path = ElectromapsTests;
			sourceTree = "<group>";
		};
		859334611B28B10900328D22 /* Supporting Files */ = {
			isa = PBXGroup;
			children = (
				859334621B28B10900328D22 /* Info.plist */,
			);
			name = "Supporting Files";
			sourceTree = "<group>";
		};
/* End PBXGroup section */

/* Begin PBXNativeTarget section */
		859334471B28B10000328D22 /* Electromaps */ = {
			isa = PBXNativeTarget;
			buildConfigurationList = 859334671B28B10900328D22 /* Build configuration list for PBXNativeTarget "Electromaps" */;
			buildPhases = (
				859334441B28B10000328D22 /* Sources */,
				859334451B28B10000328D22 /* Frameworks */,
				859334461B28B10000328D22 /* Resources */,
			);
			buildRules = (
			);
			dependencies = (
			);
			name = Electromaps;
			productName = Electromaps;
			productReference = 859334481B28B10000328D22 /* Electromaps.app */;
			productType = "com.apple.product-type.application";
		};
		8593345C1B28B10800328D22 /* ElectromapsTests */ = {
			isa = PBXNativeTarget;
			buildConfigurationList = 8593346A1B28B10900328D22 /* Build configuration list for PBXNativeTarget "ElectromapsTests" */;
			buildPhases = (
				859334591B28B10800328D22 /* Sources */,
				8593345A1B28B10800328D22 /* Frameworks */,
				8593345B1B28B10800328D22 /* Resources */,
			);
			buildRules = (
			);
			dependencies = (
				8593345F1B28B10800328D22 /* PBXTargetDependency */,
			);
			name = ElectromapsTests;
			productName = ElectromapsTests;
			productReference = 8593345D1B28B10800328D22 /* ElectromapsTests.xctest */;
			productType = "com.apple.product-type.bundle.unit-test";
		};
/* End PBXNativeTarget section */

/* Begin PBXProject section */
		859334401B28B0FE00328D22 /* Project object */ = {
			isa = PBXProject;
			attributes = {
				LastUpgradeCheck = 0630;
				ORGANIZATIONNAME = "Xavier Cañadell";
				TargetAttributes = {
					859334471B28B10000328D22 = {
						CreatedOnToolsVersion = 6.3.2;
						DevelopmentTeam = 9XZ38FM5RR;
					};
					8593345C1B28B10800328D22 = {
						CreatedOnToolsVersion = 6.3.2;
						TestTargetID = 859334471B28B10000328D22;
					};
				};
			};
			buildConfigurationList = 859334431B28B0FE00328D22 /* Build configuration list for PBXProject "Electromaps" */;
			compatibilityVersion = "Xcode 3.2";
			developmentRegion = English;
			hasScannedForEncodings = 0;
			knownRegions = (
				en,
				Base,
			);
			mainGroup = 8593343F1B28B0FC00328D22;
			productRefGroup = 859334491B28B10000328D22 /* Products */;
			projectDirPath = "";
			projectRoot = "";
			targets = (
				859334471B28B10000328D22 /* Electromaps */,
				8593345C1B28B10800328D22 /* ElectromapsTests */,
			);
		};
/* End PBXProject section */

/* Begin PBXResourcesBuildPhase section */
		859334461B28B10000328D22 /* Resources */ = {
			isa = PBXResourcesBuildPhase;
			buildActionMask = 2147483647;
			files = (
				859334531B28B10600328D22 /* Main.storyboard in Resources */,
				859334581B28B10800328D22 /* LaunchScreen.xib in Resources */,
				859334551B28B10700328D22 /* Images.xcassets in Resources */,
			);
			runOnlyForDeploymentPostprocessing = 0;
		};
		8593345B1B28B10800328D22 /* Resources */ = {
			isa = PBXResourcesBuildPhase;
			buildActionMask = 2147483647;
			files = (
			);
			runOnlyForDeploymentPostprocessing = 0;
		};
/* End PBXResourcesBuildPhase section */

/* Begin PBXSourcesBuildPhase section */
		859334441B28B10000328D22 /* Sources */ = {
			isa = PBXSourcesBuildPhase;
			buildActionMask = 2147483647;
			files = (
				859334501B28B10400328D22 /* ViewController.swift in Sources */,
				8593344E1B28B10400328D22 /* AppDelegate.swift in Sources */,
				8593346E1B28F83500328D22 /* RegisterPageViewController.swift in Sources */,
			);
			runOnlyForDeploymentPostprocessing = 0;
		};
		859334591B28B10800328D22 /* Sources */ = {
			isa = PBXSourcesBuildPhase;
			buildActionMask = 2147483647;
			files = (
				859334641B28B10900328D22 /* ElectromapsTests.swift in Sources */,
			);
			runOnlyForDeploymentPostprocessing = 0;
		};
/* End PBXSourcesBuildPhase section */

/* Begin PBXTargetDependency section */
		8593345F1B28B10800328D22 /* PBXTargetDependency */ = {
			isa = PBXTargetDependency;
			target = 859334471B28B10000328D22 /* Electromaps */;
			targetProxy = 8593345E1B28B10800328D22 /* PBXContainerItemProxy */;
		};
/* End PBXTargetDependency section */

/* Begin PBXVariantGroup section */
		859334511B28B10600328D22 /* Main.storyboard */ = {
			isa = PBXVariantGroup;
			children = (
				859334521B28B10600328D22 /* Base */,
			);
			name = Main.storyboard;
			sourceTree = "<group>";
		};
		859334561B28B10800328D22 /* LaunchScreen.xib */ = {
			isa = PBXVariantGroup;
			children = (
				859334571B28B10800328D22 /* Base */,
			);
			name = LaunchScreen.xib;
			sourceTree = "<group>";
		};
/* End PBXVariantGroup section */

/* Begin XCBuildConfiguration section */
		859334651B28B10900328D22 /* Debug */ = {
			isa = XCBuildConfiguration;
			buildSettings = {
				ALWAYS_SEARCH_USER_PATHS = NO;
				CLANG_CXX_LANGUAGE_STANDARD = "gnu++0x";
				CLANG_CXX_LIBRARY = "libc++";
				CLANG_ENABLE_MODULES = YES;
				CLANG_ENABLE_OBJC_ARC = YES;
				CLANG_WARN_BOOL_CONVERSION = YES;
				CLANG_WARN_CONSTANT_CONVERSION = YES;
				CLANG_WARN_DIRECT_OBJC_ISA_USAGE = YES_ERROR;
				CLANG_WARN_EMPTY_BODY = YES;
				CLANG_WARN_ENUM_CONVERSION = YES;
				CLANG_WARN_INT_CONVERSION = YES;
				CLANG_WARN_OBJC_ROOT_CLASS = YES_ERROR;
				CLANG_WARN_UNREACHABLE_CODE = YES;
				CLANG_WARN__DUPLICATE_METHOD_MATCH = YES;
				"CODE_SIGN_IDENTITY[sdk=iphoneos*]" = "iPhone Developer";
				COPY_PHASE_STRIP = NO;
				DEBUG_INFORMATION_FORMAT = "dwarf-with-dsym";
				ENABLE_STRICT_OBJC_MSGSEND = YES;
				GCC_C_LANGUAGE_STANDARD = gnu99;
				GCC_DYNAMIC_NO_PIC = NO;
				GCC_NO_COMMON_BLOCKS = YES;
				GCC_OPTIMIZATION_LEVEL = 0;
				GCC_PREPROCESSOR_DEFINITIONS = (
					"DEBUG=1",
					"$(inherited)",
				);
				GCC_SYMBOLS_PRIVATE_EXTERN = NO;
				GCC_WARN_64_TO_32_BIT_CONVERSION = YES;
				GCC_WARN_ABOUT_RETURN_TYPE = YES_ERROR;
				GCC_WARN_UNDECLARED_SELECTOR = YES;
				GCC_WARN_UNINITIALIZED_AUTOS = YES_AGGRESSIVE;
				GCC_WARN_UNUSED_FUNCTION = YES;
				GCC_WARN_UNUSED_VARIABLE = YES;
				IPHONEOS_DEPLOYMENT_TARGET = 8.3;
				MTL_ENABLE_DEBUG_INFO = YES;
				ONLY_ACTIVE_ARCH = YES;
				SDKROOT = iphoneos;
				SWIFT_OPTIMIZATION_LEVEL = "-Onone";
			};
			name = Debug;
		};
		859334661B28B10900328D22 /* Release */ = {
			isa = XCBuildConfiguration;
			buildSettings = {
				ALWAYS_SEARCH_USER_PATHS = NO;
				CLANG_CXX_LANGUAGE_STANDARD = "gnu++0x";
				CLANG_CXX_LIBRARY = "libc++";
				CLANG_ENABLE_MODULES = YES;
				CLANG_ENABLE_OBJC_ARC = YES;
				CLANG_WARN_BOOL_CONVERSION = YES;
				CLANG_WARN_CONSTANT_CONVERSION = YES;
				CLANG_WARN_DIRECT_OBJC_ISA_USAGE = YES_ERROR;
				CLANG_WARN_EMPTY_BODY = YES;
				CLANG_WARN_ENUM_CONVERSION = YES;
				CLANG_WARN_INT_CONVERSION = YES;
				CLANG_WARN_OBJC_ROOT_CLASS = YES_ERROR;
				CLANG_WARN_UNREACHABLE_CODE = YES;
				CLANG_WARN__DUPLICATE_METHOD_MATCH = YES;
				"CODE_SIGN_IDENTITY[sdk=iphoneos*]" = "iPhone Developer";
				COPY_PHASE_STRIP = NO;
				DEBUG_INFORMATION_FORMAT = "dwarf-with-dsym";
				ENABLE_NS_ASSERTIONS = NO;
				ENABLE_STRICT_OBJC_MSGSEND = YES;
				GCC_C_LANGUAGE_STANDARD = gnu99;
				GCC_NO_COMMON_BLOCKS = YES;
				GCC_WARN_64_TO_32_BIT_CONVERSION = YES;
				GCC_WARN_ABOUT_RETURN_TYPE = YES_ERROR;
				GCC_WARN_UNDECLARED_SELECTOR = YES;
				GCC_WARN_UNINITIALIZED_AUTOS = YES_AGGRESSIVE;
				GCC_WARN_UNUSED_FUNCTION = YES;
				GCC_WARN_UNUSED_VARIABLE = YES;
				IPHONEOS_DEPLOYMENT_TARGET = 8.3;
				MTL_ENABLE_DEBUG_INFO = NO;
				SDKROOT = iphoneos;
				VALIDATE_PRODUCT = YES;
			};
			name = Release;
		};
		859334681B28B10900328D22 /* Debug */ = {
			isa = XCBuildConfiguration;
			buildSettings = {
				ASSETCATALOG_COMPILER_APPICON_NAME = AppIcon;
				CODE_SIGN_IDENTITY = "iPhone Developer";
				"CODE_SIGN_IDENTITY[sdk=iphoneos*]" = "iPhone Developer";
				INFOPLIST_FILE = Electromaps/Info.plist;
				LD_RUNPATH_SEARCH_PATHS = "$(inherited) @executable_path/Frameworks";
				PRODUCT_NAME = "$(TARGET_NAME)";
				PROVISIONING_PROFILE = "";
			};
			name = Debug;
		};
		859334691B28B10900328D22 /* Release */ = {
			isa = XCBuildConfiguration;
			buildSettings = {
				ASSETCATALOG_COMPILER_APPICON_NAME = AppIcon;
				CODE_SIGN_IDENTITY = "iPhone Developer";
				"CODE_SIGN_IDENTITY[sdk=iphoneos*]" = "iPhone Developer";
				INFOPLIST_FILE = Electromaps/Info.plist;
				LD_RUNPATH_SEARCH_PATHS = "$(inherited) @executable_path/Frameworks";
				PRODUCT_NAME = "$(TARGET_NAME)";
				PROVISIONING_PROFILE = "";
			};
			name = Release;
		};
		8593346B1B28B10900328D22 /* Debug */ = {
			isa = XCBuildConfiguration;
			buildSettings = {
				BUNDLE_LOADER = "$(TEST_HOST)";
				FRAMEWORK_SEARCH_PATHS = (
					"$(SDKROOT)/Developer/Library/Frameworks",
					"$(inherited)",
				);
				GCC_PREPROCESSOR_DEFINITIONS = (
					"DEBUG=1",
					"$(inherited)",
				);
				INFOPLIST_FILE = ElectromapsTests/Info.plist;
				LD_RUNPATH_SEARCH_PATHS = "$(inherited) @executable_path/Frameworks @loader_path/Frameworks";
				PRODUCT_NAME = "$(TARGET_NAME)";
				TEST_HOST = "$(BUILT_PRODUCTS_DIR)/Electromaps.app/Electromaps";
			};
			name = Debug;
		};
		8593346C1B28B10900328D22 /* Release */ = {
			isa = XCBuildConfiguration;
			buildSettings = {
				BUNDLE_LOADER = "$(TEST_HOST)";
				FRAMEWORK_SEARCH_PATHS = (
					"$(SDKROOT)/Developer/Library/Frameworks",
					"$(inherited)",
				);
				INFOPLIST_FILE = ElectromapsTests/Info.plist;
				LD_RUNPATH_SEARCH_PATHS = "$(inherited) @executable_path/Frameworks @loader_path/Frameworks";
				PRODUCT_NAME = "$(TARGET_NAME)";
				TEST_HOST = "$(BUILT_PRODUCTS_DIR)/Electromaps.app/Electromaps";
			};
			name = Release;
		};
/* End XCBuildConfiguration section */

/* Begin XCConfigurationList section */
		859334431B28B0FE00328D22 /* Build configuration list for PBXProject "Electromaps" */ = {
			isa = XCConfigurationList;
			buildConfigurations = (
				859334651B28B10900328D22 /* Debug */,
				859334661B28B10900328D22 /* Release */,
			);
			defaultConfigurationIsVisible = 0;
			defaultConfigurationName = Release;
		};
		859334671B28B10900328D22 /* Build configuration list for PBXNativeTarget "Electromaps" */ = {
			isa = XCConfigurationList;
			buildConfigurations = (
				859334681B28B10900328D22 /* Debug */,
				859334691B28B10900328D22 /* Release */,
			);
			defaultConfigurationIsVisible = 0;
		};
		8593346A1B28B10900328D22 /* Build configuration list for PBXNativeTarget "ElectromapsTests" */ = {
			isa = XCConfigurationList;
			buildConfigurations = (
				8593346B1B28B10900328D22 /* Debug */,
				8593346C1B28B10900328D22 /* Release */,
			);
			defaultConfigurationIsVisible = 0;
		};
/* End XCConfigurationList section */
	};
	rootObject = 859334401B28B0FE00328D22 /* Project object */;
}
